<?xml version="1.0" encoding="UTF-8" standalone="yes" ?>
<CodeBlocks_project_file>
	<FileVersion major="1" minor="6" />
	<Project>
		<Option title="blueshell" />
		<Option pch_mode="2" />
		<Option compiler="gcc" />
		<Build>
			<Target title="Debug">
				<Option output="bin/Debug/blueshell" prefix_auto="1" extension_auto="1" />
				<Option object_output="obj/Debug/" />
				<Option type="1" />
				<Option compiler="gcc" />
				<Compiler>
					<Add option="-g" />
					<Add directory="include" />
				</Compiler>
			</Target>
		</Build>
		<Compiler>
			<Add option="-Wall" />
		</Compiler>
		<Unit filename="../../iosqueak-tester/main.cpp" />
		<Unit filename="../CMakeLists.txt" />
		<Unit filename="../include/iosqueak/blueshell.hpp" />
		<Unit filename="../include/iosqueak/testregister.hpp" />
		<Unit filename="../src/blueshell/arrowpress.cpp" />
		<Unit filename="../src/blueshell/blueshell.cpp" />
		<Unit filename="../src/blueshell/getch.cpp" />
		<Unit filename="../src/blueshell/help.cpp" />
		<Unit filename="../src/blueshell/initialshell.cpp" />
		<Unit filename="../src/blueshell/registercommand.cpp" />
		<Unit filename="../src/blueshell/tabpress.cpp" />
		<Unit filename="../src/blueshell/testregister.cpp" />
		<Extensions />
	</Project>
</CodeBlocks_project_file>
